
Microsoft Visual Studio Solution File, Format Version 12.00
# Visual Studio 15
VisualStudioVersion = 15.0.27130.2026
MinimumVisualStudioVersion = 10.0.40219.1
Project("{FAE04EC0-301F-11D3-BF4B-00C04F79EFBC}") = "CryptoTradeLap", "CryptoTradeLap\CryptoTradeLap.csproj", "{85A759F4-2100-4E90-8114-13B4EA0F466D}"
EndProject
Project("{FAE04EC0-301F-11D3-BF4B-00C04F79EFBC}") = "KrakenClient", "..\..\..\Desktop\KrakenClient\KrakenClient.csproj", "{6FD7A9D6-CE6D-4B57-BEBB-FAAF2490811E}"
EndProject
Global
	GlobalSection(SolutionConfigurationPlatforms) = preSolution
		Debug|Any CPU = Debug|Any CPU
		Release|Any CPU = Release|Any CPU
	EndGlobalSection
	GlobalSection(ProjectConfigurationPlatforms) = postSolution
		{85A759F4-2100-4E90-8114-13B4EA0F466D}.Debug|Any CPU.ActiveCfg = Debug|Any CPU
		{85A759F4-2100-4E90-8114-13B4EA0F466D}.Debug|Any CPU.Build.0 = Debug|Any CPU
		{85A759F4-2100-4E90-8114-13B4EA0F466D}.Release|Any CPU.ActiveCfg = Release|Any CPU
		{85A759F4-2100-4E90-8114-13B4EA0F466D}.Release|Any CPU.Build.0 = Release|Any CPU
		{6FD7A9D6-CE6D-4B57-BEBB-FAAF2490811E}.Debug|Any CPU.ActiveCfg = Debug|Any CPU
		{6FD7A9D6-CE6D-4B57-BEBB-FAAF2490811E}.Debug|Any CPU.Build.0 = Debug|Any CPU
		{6FD7A9D6-CE6D-4B57-BEBB-FAAF2490811E}.Release|Any CPU.ActiveCfg = Release|Any CPU
		{6FD7A9D6-CE6D-4B57-BEBB-FAAF2490811E}.Release|Any CPU.Build.0 = Release|Any CPU
	EndGlobalSection
	GlobalSection(SolutionProperties) = preSolution
		HideSolutionNode = FALSE
	EndGlobalSection
	GlobalSection(ExtensibilityGlobals) = postSolution
		SolutionGuid = {96DA3863-9FD2-4337-B245-EF88F7439F94}
	EndGlobalSection
EndGlobal
